# This file is generated by running "yarn install" inside your project.
# Manual changes might be lost - proceed with caution!

__metadata:
  version: 8
  cacheKey: 10c0

"@biomejs/biome@npm:^2.1.1":
  version: 2.1.1
  resolution: "@biomejs/biome@npm:2.1.1"
  dependencies:
    "@biomejs/cli-darwin-arm64": "npm:2.1.1"
    "@biomejs/cli-darwin-x64": "npm:2.1.1"
    "@biomejs/cli-linux-arm64": "npm:2.1.1"
    "@biomejs/cli-linux-arm64-musl": "npm:2.1.1"
    "@biomejs/cli-linux-x64": "npm:2.1.1"
    "@biomejs/cli-linux-x64-musl": "npm:2.1.1"
    "@biomejs/cli-win32-arm64": "npm:2.1.1"
    "@biomejs/cli-win32-x64": "npm:2.1.1"
  dependenciesMeta:
    "@biomejs/cli-darwin-arm64":
      optional: true
    "@biomejs/cli-darwin-x64":
      optional: true
    "@biomejs/cli-linux-arm64":
      optional: true
    "@biomejs/cli-linux-arm64-musl":
      optional: true
    "@biomejs/cli-linux-x64":
      optional: true
    "@biomejs/cli-linux-x64-musl":
      optional: true
    "@biomejs/cli-win32-arm64":
      optional: true
    "@biomejs/cli-win32-x64":
      optional: true
  bin:
    biome: bin/biome
  checksum: 10c0/16efcf85b5b4434802b5541f9068ce9f58f2e195824936991c7217fda7b290b9a0e2ae6bc9e3c3e65e9f5492a3a3f0d0a9cf024cfae84ddc2b05b6e260b3bd2d
  languageName: node
  linkType: hard

"@biomejs/cli-darwin-arm64@npm:2.1.1":
  version: 2.1.1
  resolution: "@biomejs/cli-darwin-arm64@npm:2.1.1"
  conditions: os=darwin & cpu=arm64
  languageName: node
  linkType: hard

"@biomejs/cli-darwin-x64@npm:2.1.1":
  version: 2.1.1
  resolution: "@biomejs/cli-darwin-x64@npm:2.1.1"
  conditions: os=darwin & cpu=x64
  languageName: node
  linkType: hard

"@biomejs/cli-linux-arm64-musl@npm:2.1.1":
  version: 2.1.1
  resolution: "@biomejs/cli-linux-arm64-musl@npm:2.1.1"
  conditions: os=linux & cpu=arm64 & libc=musl
  languageName: node
  linkType: hard

"@biomejs/cli-linux-arm64@npm:2.1.1":
  version: 2.1.1
  resolution: "@biomejs/cli-linux-arm64@npm:2.1.1"
  conditions: os=linux & cpu=arm64 & libc=glibc
  languageName: node
  linkType: hard

"@biomejs/cli-linux-x64-musl@npm:2.1.1":
  version: 2.1.1
  resolution: "@biomejs/cli-linux-x64-musl@npm:2.1.1"
  conditions: os=linux & cpu=x64 & libc=musl
  languageName: node
  linkType: hard

"@biomejs/cli-linux-x64@npm:2.1.1":
  version: 2.1.1
  resolution: "@biomejs/cli-linux-x64@npm:2.1.1"
  conditions: os=linux & cpu=x64 & libc=glibc
  languageName: node
  linkType: hard

"@biomejs/cli-win32-arm64@npm:2.1.1":
  version: 2.1.1
  resolution: "@biomejs/cli-win32-arm64@npm:2.1.1"
  conditions: os=win32 & cpu=arm64
  languageName: node
  linkType: hard

"@biomejs/cli-win32-x64@npm:2.1.1":
  version: 2.1.1
  resolution: "@biomejs/cli-win32-x64@npm:2.1.1"
  conditions: os=win32 & cpu=x64
  languageName: node
  linkType: hard

"biome-config@workspace:.":
  version: 0.0.0-use.local
  resolution: "biome-config@workspace:."
  dependencies:
    "@biomejs/biome": "npm:^2.1.1"
  languageName: unknown
  linkType: soft
